
Microsoft Visual Studio Solution File, Format Version 10.00
# Visual C++ Express 2008
Project("{8BC9CEB8-8B4A-11D0-8D11-00A0C91BC942}") = "wom_nonregr", "wom_nonregr.vcproj", "{6AAF0893-BAF5-416C-A5C2-6CB0380BB452}"
EndProject
Global
	GlobalSection(SolutionConfigurationPlatforms) = preSolution
		Debug|Win32 = Debug|Win32
		Release|Win32 = Release|Win32
	EndGlobalSection
	GlobalSection(ProjectConfigurationPlatforms) = postSolution
		{6AAF0893-BAF5-416C-A5C2-6CB0380BB452}.Debug|Win32.ActiveCfg = Debug|Win32
		{6AAF0893-BAF5-416C-A5C2-6CB0380BB452}.Debug|Win32.Build.0 = Debug|Win32
		{6AAF0893-BAF5-416C-A5C2-6CB0380BB452}.Release|Win32.ActiveCfg = Release|Win32
		{6AAF0893-BAF5-416C-A5C2-6CB0380BB452}.Release|Win32.Build.0 = Release|Win32
	EndGlobalSection
	GlobalSection(SolutionProperties) = preSolution
		HideSolutionNode = FALSE
	EndGlobalSection
EndGlobal
