Microsoft Visual Studio Solution File, Format Version 10.00
# Visual C++ Express 2008
Project("5647C481-BD09-448D-882A-E64A7180B65A") = "womDemoCpt", "womDemoCpt.vcproj", "068716A9-BEC7-4B26-9D92-59654CE28163"
EndProject
Global
	GlobalSection(SolutionConfigurationPlatforms) = preSolution
		Debug|Win32 = Debug|Win32
	EndGlobalSection
	GlobalSection(ProjectConfigurationPlatforms) = postSolution
		068716A9-BEC7-4B26-9D92-59654CE28163.Debug|Win32.ActiveCfg = Debug|Win32
	EndGlobalSection
	GlobalSection(SolutionProperties) = preSolution
		HideSolutionNode = FALSE
	EndGlobalSection
EndGlobal
