
Microsoft Visual Studio Solution File, Format Version 10.00
# Visual C++ Express 2008
Project("{8BC9CEB8-8B4A-11D0-8D11-00A0C91BC942}") = "img_ens_wrapper", "img_ens.vcproj", "{6F61B3ED-D838-41B1-A794-FE105D917B7B}"
EndProject
Global
	GlobalSection(SolutionConfigurationPlatforms) = preSolution
		Debug_wins|Win32 = Debug_wins|Win32
		Debug|Win32 = Debug|Win32
	EndGlobalSection
	GlobalSection(ProjectConfigurationPlatforms) = postSolution
		{6F61B3ED-D838-41B1-A794-FE105D917B7B}.Debug_wins|Win32.ActiveCfg = Debug_wins|Win32
		{6F61B3ED-D838-41B1-A794-FE105D917B7B}.Debug_wins|Win32.Build.0 = Debug_wins|Win32
		{6F61B3ED-D838-41B1-A794-FE105D917B7B}.Debug|Win32.ActiveCfg = Debug|Win32
		{6F61B3ED-D838-41B1-A794-FE105D917B7B}.Debug|Win32.Build.0 = Debug|Win32
	EndGlobalSection
	GlobalSection(SolutionProperties) = preSolution
		HideSolutionNode = FALSE
	EndGlobalSection
EndGlobal
