
Microsoft Visual Studio Solution File, Format Version 10.00
# Visual C++ Express 2008
Project("{8BC9CEB8-8B4A-11D0-8D11-00A0C91BC942}") = "wom", "wom.vcproj", "{11CCECFD-6343-49B0-AD39-DC6240558221}"
	ProjectSection(ProjectDependencies) = postProject
		{CE3B2032-05A4-444E-98A0-DFDFB8B04088} = {CE3B2032-05A4-444E-98A0-DFDFB8B04088}
		{CE3B2032-05A4-444E-98A0-DFDFB8B04122} = {CE3B2032-05A4-444E-98A0-DFDFB8B04122}
		{B2EC9C6A-2F3D-4907-8C43-D5913AF5DEC1} = {B2EC9C6A-2F3D-4907-8C43-D5913AF5DEC1}
		{0DD19C70-DFA9-4E24-9960-078BF5C8CE17} = {0DD19C70-DFA9-4E24-9960-078BF5C8CE17}
		{151EFCA4-6110-41AF-8700-8876412F7973} = {151EFCA4-6110-41AF-8700-8876412F7973}
		{6F61B3ED-D838-41B1-A794-FE105D917B7B} = {6F61B3ED-D838-41B1-A794-FE105D917B7B}
	EndProjectSection
EndProject
Project("{8BC9CEB8-8B4A-11D0-8D11-00A0C91BC942}") = "omx_toolbox", "..\..\omx_toolbox\test\omx_toolbox.vcproj", "{0DD19C70-DFA9-4E24-9960-078BF5C8CE17}"
EndProject
Project("{8BC9CEB8-8B4A-11D0-8D11-00A0C91BC942}") = "osi_toolbox", "..\..\osi_toolbox\test\osi_toolbox.vcproj", "{CE3B2032-05A4-444E-98A0-DFDFB8B04088}"
EndProject
Project("{8BC9CEB8-8B4A-11D0-8D11-00A0C91BC942}") = "img_ens_wrapper", "..\..\img_enswrapper\test\img_ens_wrapper.vcproj", "{6F61B3ED-D838-41B1-A794-FE105D917B7B}"
	ProjectSection(ProjectDependencies) = postProject
		{CE3B2032-05A4-444E-98A0-DFDFB8B04088} = {CE3B2032-05A4-444E-98A0-DFDFB8B04088}
		{CE3B2032-05A4-444E-98A0-DFDFB8B04122} = {CE3B2032-05A4-444E-98A0-DFDFB8B04122}
		{B2EC9C6A-2F3D-4907-8C43-D5913AF5DEC1} = {B2EC9C6A-2F3D-4907-8C43-D5913AF5DEC1}
		{0DD19C70-DFA9-4E24-9960-078BF5C8CE17} = {0DD19C70-DFA9-4E24-9960-078BF5C8CE17}
		{151EFCA4-6110-41AF-8700-8876412F7973} = {151EFCA4-6110-41AF-8700-8876412F7973}
	EndProjectSection
EndProject
Project("{8BC9CEB8-8B4A-11D0-8D11-00A0C91BC942}") = "osal", "..\..\osal\test\osal.vcproj", "{B2EC9C6A-2F3D-4907-8C43-D5913AF5DEC1}"
EndProject
Project("{8BC9CEB8-8B4A-11D0-8D11-00A0C91BC942}") = "img_ens", "..\..\img_ens\test\img_ens.vcproj", "{151EFCA4-6110-41AF-8700-8876412F7973}"
EndProject
Project("{8BC9CEB8-8B4A-11D0-8D11-00A0C91BC942}") = "fakesink", "..\..\fakesink\test\fakeSink.vcproj", "{6F796108-C564-41C2-8761-A8C890B0CFBB}"
	ProjectSection(ProjectDependencies) = postProject
		{CE3B2032-05A4-444E-98A0-DFDFB8B04088} = {CE3B2032-05A4-444E-98A0-DFDFB8B04088}
		{CE3B2032-05A4-444E-98A0-DFDFB8B04122} = {CE3B2032-05A4-444E-98A0-DFDFB8B04122}
		{B2EC9C6A-2F3D-4907-8C43-D5913AF5DEC1} = {B2EC9C6A-2F3D-4907-8C43-D5913AF5DEC1}
		{0DD19C70-DFA9-4E24-9960-078BF5C8CE17} = {0DD19C70-DFA9-4E24-9960-078BF5C8CE17}
		{151EFCA4-6110-41AF-8700-8876412F7973} = {151EFCA4-6110-41AF-8700-8876412F7973}
		{6F61B3ED-D838-41B1-A794-FE105D917B7B} = {6F61B3ED-D838-41B1-A794-FE105D917B7B}
		{11CCECFD-6343-49B0-AD39-DC6240558221} = {11CCECFD-6343-49B0-AD39-DC6240558221}
	EndProjectSection
EndProject
Project("{8BC9CEB8-8B4A-11D0-8D11-00A0C91BC942}") = "fakesink_Tests", "..\..\fakesink\test\Tests\Tests.vcproj", "{7A5E9BD4-8B0F-4F15-AB30-5BA4307A85D3}"
	ProjectSection(ProjectDependencies) = postProject
		{6F796108-C564-41C2-8761-A8C890B0CFBB} = {6F796108-C564-41C2-8761-A8C890B0CFBB}
		{CE3B2032-05A4-444E-98A0-DFDFB8B04088} = {CE3B2032-05A4-444E-98A0-DFDFB8B04088}
		{CE3B2032-05A4-444E-98A0-DFDFB8B04122} = {CE3B2032-05A4-444E-98A0-DFDFB8B04122}
		{B2EC9C6A-2F3D-4907-8C43-D5913AF5DEC1} = {B2EC9C6A-2F3D-4907-8C43-D5913AF5DEC1}
		{0DD19C70-DFA9-4E24-9960-078BF5C8CE17} = {0DD19C70-DFA9-4E24-9960-078BF5C8CE17}
		{151EFCA4-6110-41AF-8700-8876412F7973} = {151EFCA4-6110-41AF-8700-8876412F7973}
		{6F61B3ED-D838-41B1-A794-FE105D917B7B} = {6F61B3ED-D838-41B1-A794-FE105D917B7B}
		{11CCECFD-6343-49B0-AD39-DC6240558221} = {11CCECFD-6343-49B0-AD39-DC6240558221}
	EndProjectSection
EndProject
Project("{8BC9CEB8-8B4A-11D0-8D11-00A0C91BC942}") = "processing", "..\..\processing\test\processing.vcproj", "{CE3B2032-05A4-444E-98A0-DFDFB8B04122}"
EndProject
Project("{8BC9CEB8-8B4A-11D0-8D11-00A0C91BC942}") = "osi_toolbox_nonregr", "..\..\osi_toolbox\test\nonregr\nonregr.vcproj", "{9935711E-D7DF-4590-87A3-9E22C9237EB7}"
	ProjectSection(ProjectDependencies) = postProject
		{CE3B2032-05A4-444E-98A0-DFDFB8B04088} = {CE3B2032-05A4-444E-98A0-DFDFB8B04088}
	EndProjectSection
EndProject
Project("{8BC9CEB8-8B4A-11D0-8D11-00A0C91BC942}") = "ofe_framework", "..\..\ofe\test\framework.vcproj", "{AA66516E-3F9C-454D-BB89-DF731D973449}"
EndProject
Project("{8BC9CEB8-8B4A-11D0-8D11-00A0C91BC942}") = "symbian_stub", "..\..\symbian_stub\test\symbian_stub.vcproj", "{A87D8D28-0677-479B-B25E-41A3F3D41131}"
EndProject
Project("{8BC9CEB8-8B4A-11D0-8D11-00A0C91BC942}") = "wrapper_test", "..\..\img_enswrapper\test\nonregr\wrapper_test.vcproj", "{151EFCA4-6110-41AF-8700-8876412F7992}"
	ProjectSection(ProjectDependencies) = postProject
		{CE3B2032-05A4-444E-98A0-DFDFB8B04088} = {CE3B2032-05A4-444E-98A0-DFDFB8B04088}
		{CE3B2032-05A4-444E-98A0-DFDFB8B04122} = {CE3B2032-05A4-444E-98A0-DFDFB8B04122}
		{B2EC9C6A-2F3D-4907-8C43-D5913AF5DEC1} = {B2EC9C6A-2F3D-4907-8C43-D5913AF5DEC1}
		{0DD19C70-DFA9-4E24-9960-078BF5C8CE17} = {0DD19C70-DFA9-4E24-9960-078BF5C8CE17}
		{151EFCA4-6110-41AF-8700-8876412F7973} = {151EFCA4-6110-41AF-8700-8876412F7973}
		{6F61B3ED-D838-41B1-A794-FE105D917B7B} = {6F61B3ED-D838-41B1-A794-FE105D917B7B}
		{11CCECFD-6343-49B0-AD39-DC6240558221} = {11CCECFD-6343-49B0-AD39-DC6240558221}
	EndProjectSection
EndProject
Project("{8BC9CEB8-8B4A-11D0-8D11-00A0C91BC942}") = "img_ens_test_cpt", "..\..\img_enswrapper\test\img_test\imgens_test.vcproj", "{3959C23F-CBD4-4984-A801-702BE0B03AF6}"
	ProjectSection(ProjectDependencies) = postProject
		{CE3B2032-05A4-444E-98A0-DFDFB8B04088} = {CE3B2032-05A4-444E-98A0-DFDFB8B04088}
		{CE3B2032-05A4-444E-98A0-DFDFB8B04122} = {CE3B2032-05A4-444E-98A0-DFDFB8B04122}
		{B2EC9C6A-2F3D-4907-8C43-D5913AF5DEC1} = {B2EC9C6A-2F3D-4907-8C43-D5913AF5DEC1}
		{151EFCA4-6110-41AF-8700-8876412F7973} = {151EFCA4-6110-41AF-8700-8876412F7973}
		{6F61B3ED-D838-41B1-A794-FE105D917B7B} = {6F61B3ED-D838-41B1-A794-FE105D917B7B}
		{11CCECFD-6343-49B0-AD39-DC6240558221} = {11CCECFD-6343-49B0-AD39-DC6240558221}
	EndProjectSection
EndProject
Global
	GlobalSection(SolutionConfigurationPlatforms) = preSolution
		Debug|Win32 = Debug|Win32
		Release|Win32 = Release|Win32
	EndGlobalSection
	GlobalSection(ProjectConfigurationPlatforms) = postSolution
		{11CCECFD-6343-49B0-AD39-DC6240558221}.Debug|Win32.ActiveCfg = Debug|Win32
		{11CCECFD-6343-49B0-AD39-DC6240558221}.Debug|Win32.Build.0 = Debug|Win32
		{11CCECFD-6343-49B0-AD39-DC6240558221}.Release|Win32.ActiveCfg = Release|Win32
		{11CCECFD-6343-49B0-AD39-DC6240558221}.Release|Win32.Build.0 = Release|Win32
		{0DD19C70-DFA9-4E24-9960-078BF5C8CE17}.Debug|Win32.ActiveCfg = Debug|Win32
		{0DD19C70-DFA9-4E24-9960-078BF5C8CE17}.Debug|Win32.Build.0 = Debug|Win32
		{0DD19C70-DFA9-4E24-9960-078BF5C8CE17}.Release|Win32.ActiveCfg = Debug|Win32
		{0DD19C70-DFA9-4E24-9960-078BF5C8CE17}.Release|Win32.Build.0 = Debug|Win32
		{CE3B2032-05A4-444E-98A0-DFDFB8B04088}.Debug|Win32.ActiveCfg = Debug|Win32
		{CE3B2032-05A4-444E-98A0-DFDFB8B04088}.Debug|Win32.Build.0 = Debug|Win32
		{CE3B2032-05A4-444E-98A0-DFDFB8B04088}.Release|Win32.ActiveCfg = Debug|Win32
		{CE3B2032-05A4-444E-98A0-DFDFB8B04088}.Release|Win32.Build.0 = Debug|Win32
		{6F61B3ED-D838-41B1-A794-FE105D917B7B}.Debug|Win32.ActiveCfg = Debug|Win32
		{6F61B3ED-D838-41B1-A794-FE105D917B7B}.Debug|Win32.Build.0 = Debug|Win32
		{6F61B3ED-D838-41B1-A794-FE105D917B7B}.Release|Win32.ActiveCfg = Debug|Win32
		{6F61B3ED-D838-41B1-A794-FE105D917B7B}.Release|Win32.Build.0 = Debug|Win32
		{B2EC9C6A-2F3D-4907-8C43-D5913AF5DEC1}.Debug|Win32.ActiveCfg = Debug|Win32
		{B2EC9C6A-2F3D-4907-8C43-D5913AF5DEC1}.Debug|Win32.Build.0 = Debug|Win32
		{B2EC9C6A-2F3D-4907-8C43-D5913AF5DEC1}.Release|Win32.ActiveCfg = Debug|Win32
		{B2EC9C6A-2F3D-4907-8C43-D5913AF5DEC1}.Release|Win32.Build.0 = Debug|Win32
		{151EFCA4-6110-41AF-8700-8876412F7973}.Debug|Win32.ActiveCfg = Debug|Win32
		{151EFCA4-6110-41AF-8700-8876412F7973}.Debug|Win32.Build.0 = Debug|Win32
		{151EFCA4-6110-41AF-8700-8876412F7973}.Release|Win32.ActiveCfg = Debug|Win32
		{151EFCA4-6110-41AF-8700-8876412F7973}.Release|Win32.Build.0 = Debug|Win32
		{6F796108-C564-41C2-8761-A8C890B0CFBB}.Debug|Win32.ActiveCfg = Debug|Win32
		{6F796108-C564-41C2-8761-A8C890B0CFBB}.Debug|Win32.Build.0 = Debug|Win32
		{6F796108-C564-41C2-8761-A8C890B0CFBB}.Release|Win32.ActiveCfg = Debug|Win32
		{6F796108-C564-41C2-8761-A8C890B0CFBB}.Release|Win32.Build.0 = Debug|Win32
		{7A5E9BD4-8B0F-4F15-AB30-5BA4307A85D3}.Debug|Win32.ActiveCfg = Debug|Win32
		{7A5E9BD4-8B0F-4F15-AB30-5BA4307A85D3}.Debug|Win32.Build.0 = Debug|Win32
		{7A5E9BD4-8B0F-4F15-AB30-5BA4307A85D3}.Release|Win32.ActiveCfg = Debug|Win32
		{7A5E9BD4-8B0F-4F15-AB30-5BA4307A85D3}.Release|Win32.Build.0 = Debug|Win32
		{CE3B2032-05A4-444E-98A0-DFDFB8B04122}.Debug|Win32.ActiveCfg = Debug|Win32
		{CE3B2032-05A4-444E-98A0-DFDFB8B04122}.Debug|Win32.Build.0 = Debug|Win32
		{CE3B2032-05A4-444E-98A0-DFDFB8B04122}.Release|Win32.ActiveCfg = Debug|Win32
		{CE3B2032-05A4-444E-98A0-DFDFB8B04122}.Release|Win32.Build.0 = Debug|Win32
		{9935711E-D7DF-4590-87A3-9E22C9237EB7}.Debug|Win32.ActiveCfg = Debug|Win32
		{9935711E-D7DF-4590-87A3-9E22C9237EB7}.Debug|Win32.Build.0 = Debug|Win32
		{9935711E-D7DF-4590-87A3-9E22C9237EB7}.Release|Win32.ActiveCfg = Release|Win32
		{9935711E-D7DF-4590-87A3-9E22C9237EB7}.Release|Win32.Build.0 = Release|Win32
		{AA66516E-3F9C-454D-BB89-DF731D973449}.Debug|Win32.ActiveCfg = Debug|Win32
		{AA66516E-3F9C-454D-BB89-DF731D973449}.Debug|Win32.Build.0 = Debug|Win32
		{AA66516E-3F9C-454D-BB89-DF731D973449}.Release|Win32.ActiveCfg = Debug|Win32
		{AA66516E-3F9C-454D-BB89-DF731D973449}.Release|Win32.Build.0 = Debug|Win32
		{A87D8D28-0677-479B-B25E-41A3F3D41131}.Debug|Win32.ActiveCfg = Debug|Win32
		{A87D8D28-0677-479B-B25E-41A3F3D41131}.Debug|Win32.Build.0 = Debug|Win32
		{A87D8D28-0677-479B-B25E-41A3F3D41131}.Release|Win32.ActiveCfg = Release|Win32
		{A87D8D28-0677-479B-B25E-41A3F3D41131}.Release|Win32.Build.0 = Release|Win32
		{151EFCA4-6110-41AF-8700-8876412F7992}.Debug|Win32.ActiveCfg = Debug|Win32
		{151EFCA4-6110-41AF-8700-8876412F7992}.Debug|Win32.Build.0 = Debug|Win32
		{151EFCA4-6110-41AF-8700-8876412F7992}.Release|Win32.ActiveCfg = Release|Win32
		{151EFCA4-6110-41AF-8700-8876412F7992}.Release|Win32.Build.0 = Release|Win32
		{3959C23F-CBD4-4984-A801-702BE0B03AF6}.Debug|Win32.ActiveCfg = Debug|Win32
		{3959C23F-CBD4-4984-A801-702BE0B03AF6}.Debug|Win32.Build.0 = Debug|Win32
		{3959C23F-CBD4-4984-A801-702BE0B03AF6}.Release|Win32.ActiveCfg = Debug|Win32
		{3959C23F-CBD4-4984-A801-702BE0B03AF6}.Release|Win32.Build.0 = Debug|Win32
	EndGlobalSection
	GlobalSection(SolutionProperties) = preSolution
		HideSolutionNode = FALSE
	EndGlobalSection
EndGlobal
